
Microsoft Visual Studio Solution File, Format Version 12.00
# Visual Studio Version 17
VisualStudioVersion = 17.0.31903.59
MinimumVisualStudioVersion = 10.0.40219.1
Project("{FAE04EC0-301F-11D3-BF4B-00C04F79EFBC}") = "OMS.Core", "OMS.Core\OMS.Core.csproj", "{04C37EEC-B2C6-4A8B-A95B-A1F3CE930B31}"
EndProject
Project("{FAE04EC0-301F-11D3-BF4B-00C04F79EFBC}") = "Testing", "Testing\Testing.csproj", "{D74CB954-48E2-4047-AA7F-7DDAD21EEA85}"
EndProject
Project("{FAE04EC0-301F-11D3-BF4B-00C04F79EFBC}") = "Strategy.Trader", "Strategy.Trader\Strategy.Trader.csproj", "{BDFC2DA1-EFEC-45F4-BC86-6EAEF0D9D590}"
EndProject
Project("{FAE04EC0-301F-11D3-BF4B-00C04F79EFBC}") = "OMS.API", "OMS.API\OMS.API.csproj", "{9B64655C-5DCD-4382-A403-DA819014D6CD}"
EndProject
Project("{FAE04EC0-301F-11D3-BF4B-00C04F79EFBC}") = "OMS.Infrastructure", "OMS.Infrastructure\OMS.Infrastructure.csproj", "{1CFC3CE0-546E-49E7-A1CD-82E8C2C8971C}"
EndProject
Project("{FAE04EC0-301F-11D3-BF4B-00C04F79EFBC}") = "Migrations", "Migrations\Migrations.csproj", "{FFCA57DF-4B6B-443D-ABC6-3F6CFC025651}"
EndProject
Project("{FAE04EC0-301F-11D3-BF4B-00C04F79EFBC}") = "ML", "ML\ML.csproj", "{33765EDB-A54E-4926-92F5-E8D0B11CB58E}"
EndProject
Project("{FAE04EC0-301F-11D3-BF4B-00C04F79EFBC}") = "Strategy.Ninja", "Strategy.Ninja\Strategy.Ninja.csproj", "{B0489F9E-16BD-4C41-BF24-966756C97652}"
EndProject
Global
	GlobalSection(SolutionConfigurationPlatforms) = preSolution
		Debug|Any CPU = Debug|Any CPU
		Release|Any CPU = Release|Any CPU
	EndGlobalSection
	GlobalSection(ProjectConfigurationPlatforms) = postSolution
		{04C37EEC-B2C6-4A8B-A95B-A1F3CE930B31}.Debug|Any CPU.ActiveCfg = Debug|Any CPU
		{04C37EEC-B2C6-4A8B-A95B-A1F3CE930B31}.Debug|Any CPU.Build.0 = Debug|Any CPU
		{04C37EEC-B2C6-4A8B-A95B-A1F3CE930B31}.Release|Any CPU.ActiveCfg = Release|Any CPU
		{04C37EEC-B2C6-4A8B-A95B-A1F3CE930B31}.Release|Any CPU.Build.0 = Release|Any CPU
		{D74CB954-48E2-4047-AA7F-7DDAD21EEA85}.Debug|Any CPU.ActiveCfg = Debug|Any CPU
		{D74CB954-48E2-4047-AA7F-7DDAD21EEA85}.Debug|Any CPU.Build.0 = Debug|Any CPU
		{D74CB954-48E2-4047-AA7F-7DDAD21EEA85}.Release|Any CPU.ActiveCfg = Release|Any CPU
		{D74CB954-48E2-4047-AA7F-7DDAD21EEA85}.Release|Any CPU.Build.0 = Release|Any CPU
		{BDFC2DA1-EFEC-45F4-BC86-6EAEF0D9D590}.Debug|Any CPU.ActiveCfg = Debug|Any CPU
		{BDFC2DA1-EFEC-45F4-BC86-6EAEF0D9D590}.Debug|Any CPU.Build.0 = Debug|Any CPU
		{BDFC2DA1-EFEC-45F4-BC86-6EAEF0D9D590}.Release|Any CPU.ActiveCfg = Release|Any CPU
		{BDFC2DA1-EFEC-45F4-BC86-6EAEF0D9D590}.Release|Any CPU.Build.0 = Release|Any CPU
		{9B64655C-5DCD-4382-A403-DA819014D6CD}.Debug|Any CPU.ActiveCfg = Debug|Any CPU
		{9B64655C-5DCD-4382-A403-DA819014D6CD}.Debug|Any CPU.Build.0 = Debug|Any CPU
		{9B64655C-5DCD-4382-A403-DA819014D6CD}.Release|Any CPU.ActiveCfg = Release|Any CPU
		{9B64655C-5DCD-4382-A403-DA819014D6CD}.Release|Any CPU.Build.0 = Release|Any CPU
		{1CFC3CE0-546E-49E7-A1CD-82E8C2C8971C}.Debug|Any CPU.ActiveCfg = Debug|Any CPU
		{1CFC3CE0-546E-49E7-A1CD-82E8C2C8971C}.Debug|Any CPU.Build.0 = Debug|Any CPU
		{1CFC3CE0-546E-49E7-A1CD-82E8C2C8971C}.Release|Any CPU.ActiveCfg = Release|Any CPU
		{1CFC3CE0-546E-49E7-A1CD-82E8C2C8971C}.Release|Any CPU.Build.0 = Release|Any CPU
		{FFCA57DF-4B6B-443D-ABC6-3F6CFC025651}.Debug|Any CPU.ActiveCfg = Debug|Any CPU
		{FFCA57DF-4B6B-443D-ABC6-3F6CFC025651}.Debug|Any CPU.Build.0 = Debug|Any CPU
		{FFCA57DF-4B6B-443D-ABC6-3F6CFC025651}.Release|Any CPU.ActiveCfg = Release|Any CPU
		{FFCA57DF-4B6B-443D-ABC6-3F6CFC025651}.Release|Any CPU.Build.0 = Release|Any CPU
		{33765EDB-A54E-4926-92F5-E8D0B11CB58E}.Debug|Any CPU.ActiveCfg = Debug|Any CPU
		{33765EDB-A54E-4926-92F5-E8D0B11CB58E}.Debug|Any CPU.Build.0 = Debug|Any CPU
		{33765EDB-A54E-4926-92F5-E8D0B11CB58E}.Release|Any CPU.ActiveCfg = Release|Any CPU
		{33765EDB-A54E-4926-92F5-E8D0B11CB58E}.Release|Any CPU.Build.0 = Release|Any CPU
		{B0489F9E-16BD-4C41-BF24-966756C97652}.Debug|Any CPU.ActiveCfg = Debug|Any CPU
		{B0489F9E-16BD-4C41-BF24-966756C97652}.Debug|Any CPU.Build.0 = Debug|Any CPU
		{B0489F9E-16BD-4C41-BF24-966756C97652}.Release|Any CPU.ActiveCfg = Release|Any CPU
		{B0489F9E-16BD-4C41-BF24-966756C97652}.Release|Any CPU.Build.0 = Release|Any CPU
	EndGlobalSection
	GlobalSection(SolutionProperties) = preSolution
		HideSolutionNode = FALSE
	EndGlobalSection
EndGlobal
