
Microsoft Visual Studio Solution File, Format Version 12.00
# Visual Studio Version 17
VisualStudioVersion = 17.0.31903.59
MinimumVisualStudioVersion = 10.0.40219.1
Project("{FAE04EC0-301F-11D3-BF4B-00C04F79EFBC}") = "Strategy.Trader", "Strategy.Trader\Strategy.Trader.csproj", "{BDFC2DA1-EFEC-45F4-BC86-6EAEF0D9D590}"
EndProject
Project("{FAE04EC0-301F-11D3-BF4B-00C04F79EFBC}") = "OMS.Infrastructure", "OMS.Infrastructure\OMS.Infrastructure.csproj", "{1CFC3CE0-546E-49E7-A1CD-82E8C2C8971C}"
EndProject
Project("{FAE04EC0-301F-11D3-BF4B-00C04F79EFBC}") = "Migrations", "Migrations\Migrations.csproj", "{FFCA57DF-4B6B-443D-ABC6-3F6CFC025651}"
EndProject
Project("{FAE04EC0-301F-11D3-BF4B-00C04F79EFBC}") = "Strategy.Ninja", "Strategy.Ninja\Strategy.Ninja.csproj", "{B0489F9E-16BD-4C41-BF24-966756C97652}"
EndProject
Project("{FAE04EC0-301F-11D3-BF4B-00C04F79EFBC}") = "OMS.SharedKernel", "OMS.SharedKernel\OMS.SharedKernel.csproj", "{47E4A6F2-D84B-4ECF-A8F3-B9342C520E3C}"
EndProject
Project("{FAE04EC0-301F-11D3-BF4B-00C04F79EFBC}") = "Strategy.Server", "Strategy.Server\Strategy.Server.csproj", "{E2DD47E5-7D9D-4C01-A0D7-60F8758FE902}"
EndProject
Project("{FAE04EC0-301F-11D3-BF4B-00C04F79EFBC}") = "OMS.API", "OMS.API\OMS.API.csproj", "{75A4EEE2-DA5E-415B-A4B6-658034611B19}"
EndProject
Project("{FAE04EC0-301F-11D3-BF4B-00C04F79EFBC}") = "OMS.Orleans", "OMS.Orleans\OMS.Orleans.csproj", "{36814296-DB4F-4293-A737-D3D2AB18BF62}"
EndProject
Project("{FAE04EC0-301F-11D3-BF4B-00C04F79EFBC}") = "OMS.Application", "OMS.Application\OMS.Application.csproj", "{E8F8F5A7-449B-4BF9-89E9-BD6C1E883193}"
EndProject
Project("{FAE04EC0-301F-11D3-BF4B-00C04F79EFBC}") = "Strategy.ML", "Strategy.ML\Strategy.ML.csproj", "{659864A2-F0ED-437B-A512-73D700B2664F}"
EndProject
Project("{FAE04EC0-301F-11D3-BF4B-00C04F79EFBC}") = "Strategy.SharedKernal", "Strategy.SharedKernal\Strategy.SharedKernal.csproj", "{5A0401B4-2B0A-4DA6-B3BB-01B07A4275A8}"
EndProject
Global
	GlobalSection(SolutionConfigurationPlatforms) = preSolution
		Debug|Any CPU = Debug|Any CPU
		Release|Any CPU = Release|Any CPU
	EndGlobalSection
	GlobalSection(ProjectConfigurationPlatforms) = postSolution
		{BDFC2DA1-EFEC-45F4-BC86-6EAEF0D9D590}.Debug|Any CPU.ActiveCfg = Debug|Any CPU
		{BDFC2DA1-EFEC-45F4-BC86-6EAEF0D9D590}.Debug|Any CPU.Build.0 = Debug|Any CPU
		{BDFC2DA1-EFEC-45F4-BC86-6EAEF0D9D590}.Release|Any CPU.ActiveCfg = Release|Any CPU
		{BDFC2DA1-EFEC-45F4-BC86-6EAEF0D9D590}.Release|Any CPU.Build.0 = Release|Any CPU
		{1CFC3CE0-546E-49E7-A1CD-82E8C2C8971C}.Debug|Any CPU.ActiveCfg = Debug|Any CPU
		{1CFC3CE0-546E-49E7-A1CD-82E8C2C8971C}.Debug|Any CPU.Build.0 = Debug|Any CPU
		{1CFC3CE0-546E-49E7-A1CD-82E8C2C8971C}.Release|Any CPU.ActiveCfg = Release|Any CPU
		{1CFC3CE0-546E-49E7-A1CD-82E8C2C8971C}.Release|Any CPU.Build.0 = Release|Any CPU
		{FFCA57DF-4B6B-443D-ABC6-3F6CFC025651}.Debug|Any CPU.ActiveCfg = Debug|Any CPU
		{FFCA57DF-4B6B-443D-ABC6-3F6CFC025651}.Debug|Any CPU.Build.0 = Debug|Any CPU
		{FFCA57DF-4B6B-443D-ABC6-3F6CFC025651}.Release|Any CPU.ActiveCfg = Release|Any CPU
		{FFCA57DF-4B6B-443D-ABC6-3F6CFC025651}.Release|Any CPU.Build.0 = Release|Any CPU
		{B0489F9E-16BD-4C41-BF24-966756C97652}.Debug|Any CPU.ActiveCfg = Debug|Any CPU
		{B0489F9E-16BD-4C41-BF24-966756C97652}.Debug|Any CPU.Build.0 = Debug|Any CPU
		{B0489F9E-16BD-4C41-BF24-966756C97652}.Release|Any CPU.ActiveCfg = Release|Any CPU
		{B0489F9E-16BD-4C41-BF24-966756C97652}.Release|Any CPU.Build.0 = Release|Any CPU
		{47E4A6F2-D84B-4ECF-A8F3-B9342C520E3C}.Debug|Any CPU.ActiveCfg = Debug|Any CPU
		{47E4A6F2-D84B-4ECF-A8F3-B9342C520E3C}.Debug|Any CPU.Build.0 = Debug|Any CPU
		{47E4A6F2-D84B-4ECF-A8F3-B9342C520E3C}.Release|Any CPU.ActiveCfg = Release|Any CPU
		{47E4A6F2-D84B-4ECF-A8F3-B9342C520E3C}.Release|Any CPU.Build.0 = Release|Any CPU
		{E2DD47E5-7D9D-4C01-A0D7-60F8758FE902}.Debug|Any CPU.ActiveCfg = Debug|Any CPU
		{E2DD47E5-7D9D-4C01-A0D7-60F8758FE902}.Debug|Any CPU.Build.0 = Debug|Any CPU
		{E2DD47E5-7D9D-4C01-A0D7-60F8758FE902}.Release|Any CPU.ActiveCfg = Release|Any CPU
		{E2DD47E5-7D9D-4C01-A0D7-60F8758FE902}.Release|Any CPU.Build.0 = Release|Any CPU
		{75A4EEE2-DA5E-415B-A4B6-658034611B19}.Debug|Any CPU.ActiveCfg = Debug|Any CPU
		{75A4EEE2-DA5E-415B-A4B6-658034611B19}.Debug|Any CPU.Build.0 = Debug|Any CPU
		{75A4EEE2-DA5E-415B-A4B6-658034611B19}.Release|Any CPU.ActiveCfg = Release|Any CPU
		{75A4EEE2-DA5E-415B-A4B6-658034611B19}.Release|Any CPU.Build.0 = Release|Any CPU
		{36814296-DB4F-4293-A737-D3D2AB18BF62}.Debug|Any CPU.ActiveCfg = Debug|Any CPU
		{36814296-DB4F-4293-A737-D3D2AB18BF62}.Debug|Any CPU.Build.0 = Debug|Any CPU
		{36814296-DB4F-4293-A737-D3D2AB18BF62}.Release|Any CPU.ActiveCfg = Release|Any CPU
		{36814296-DB4F-4293-A737-D3D2AB18BF62}.Release|Any CPU.Build.0 = Release|Any CPU
		{E8F8F5A7-449B-4BF9-89E9-BD6C1E883193}.Debug|Any CPU.ActiveCfg = Debug|Any CPU
		{E8F8F5A7-449B-4BF9-89E9-BD6C1E883193}.Debug|Any CPU.Build.0 = Debug|Any CPU
		{E8F8F5A7-449B-4BF9-89E9-BD6C1E883193}.Release|Any CPU.ActiveCfg = Release|Any CPU
		{E8F8F5A7-449B-4BF9-89E9-BD6C1E883193}.Release|Any CPU.Build.0 = Release|Any CPU
		{659864A2-F0ED-437B-A512-73D700B2664F}.Debug|Any CPU.ActiveCfg = Debug|Any CPU
		{659864A2-F0ED-437B-A512-73D700B2664F}.Debug|Any CPU.Build.0 = Debug|Any CPU
		{659864A2-F0ED-437B-A512-73D700B2664F}.Release|Any CPU.ActiveCfg = Release|Any CPU
		{659864A2-F0ED-437B-A512-73D700B2664F}.Release|Any CPU.Build.0 = Release|Any CPU
		{5A0401B4-2B0A-4DA6-B3BB-01B07A4275A8}.Debug|Any CPU.ActiveCfg = Debug|Any CPU
		{5A0401B4-2B0A-4DA6-B3BB-01B07A4275A8}.Debug|Any CPU.Build.0 = Debug|Any CPU
		{5A0401B4-2B0A-4DA6-B3BB-01B07A4275A8}.Release|Any CPU.ActiveCfg = Release|Any CPU
		{5A0401B4-2B0A-4DA6-B3BB-01B07A4275A8}.Release|Any CPU.Build.0 = Release|Any CPU
	EndGlobalSection
	GlobalSection(SolutionProperties) = preSolution
		HideSolutionNode = FALSE
	EndGlobalSection
EndGlobal
